
Microsoft Visual Studio Solution File, Format Version 12.00
# Visual Studio Version 17
VisualStudioVersion = 17.2.32616.157
MinimumVisualStudioVersion = 10.0.40219.1
Project("{9A19103F-16F7-4668-BE54-9A1E7A4F7556}") = "Reflections.SolutionsPlus.Services", "backend\Reflections.Soc.Services\Reflections.SolutionsPlus.Services.csproj", "{0206C734-D22B-441D-BF75-EA9B4518F6D4}"
EndProject
Project("{E24C65DC-7377-472B-9ABA-BC803B73C61A}") = "frontend", "frontend\", "{CD0F522C-47BD-4386-A8BD-AD619962C019}"
	ProjectSection(WebsiteProperties) = preProject
		TargetFrameworkMoniker = ".NETFramework,Version%3Dv4.8"
		Debug.AspNetCompiler.VirtualPath = "/localhost_55495"
		Debug.AspNetCompiler.PhysicalPath = "frontend\"
		Debug.AspNetCompiler.TargetPath = "PrecompiledWeb\localhost_55495\"
		Debug.AspNetCompiler.Updateable = "true"
		Debug.AspNetCompiler.ForceOverwrite = "true"
		Debug.AspNetCompiler.FixedNames = "false"
		Debug.AspNetCompiler.Debug = "True"
		Release.AspNetCompiler.VirtualPath = "/localhost_55495"
		Release.AspNetCompiler.PhysicalPath = "frontend\"
		Release.AspNetCompiler.TargetPath = "PrecompiledWeb\localhost_55495\"
		Release.AspNetCompiler.Updateable = "true"
		Release.AspNetCompiler.ForceOverwrite = "true"
		Release.AspNetCompiler.FixedNames = "false"
		Release.AspNetCompiler.Debug = "False"
		VWDPort = "55495"
		SlnRelativePath = "frontend\"
	EndProjectSection
EndProject
Project("{9A19103F-16F7-4668-BE54-9A1E7A4F7556}") = "Reflections.SolutionsPlus.TM", "soc-tm\Reflections.SolutionsPlus.TM.csproj", "{F261D089-C95A-43A4-A2B2-971E04E73842}"
EndProject
Global
	GlobalSection(SolutionConfigurationPlatforms) = preSolution
		Debug|Any CPU = Debug|Any CPU
		Release|Any CPU = Release|Any CPU
	EndGlobalSection
	GlobalSection(ProjectConfigurationPlatforms) = postSolution
		{0206C734-D22B-441D-BF75-EA9B4518F6D4}.Debug|Any CPU.ActiveCfg = Debug|Any CPU
		{0206C734-D22B-441D-BF75-EA9B4518F6D4}.Debug|Any CPU.Build.0 = Debug|Any CPU
		{0206C734-D22B-441D-BF75-EA9B4518F6D4}.Release|Any CPU.ActiveCfg = Release|Any CPU
		{0206C734-D22B-441D-BF75-EA9B4518F6D4}.Release|Any CPU.Build.0 = Release|Any CPU
		{CD0F522C-47BD-4386-A8BD-AD619962C019}.Debug|Any CPU.ActiveCfg = Debug|Any CPU
		{CD0F522C-47BD-4386-A8BD-AD619962C019}.Debug|Any CPU.Build.0 = Debug|Any CPU
		{CD0F522C-47BD-4386-A8BD-AD619962C019}.Release|Any CPU.ActiveCfg = Debug|Any CPU
		{CD0F522C-47BD-4386-A8BD-AD619962C019}.Release|Any CPU.Build.0 = Debug|Any CPU
		{F261D089-C95A-43A4-A2B2-971E04E73842}.Debug|Any CPU.ActiveCfg = Debug|Any CPU
		{F261D089-C95A-43A4-A2B2-971E04E73842}.Debug|Any CPU.Build.0 = Debug|Any CPU
		{F261D089-C95A-43A4-A2B2-971E04E73842}.Release|Any CPU.ActiveCfg = Release|Any CPU
		{F261D089-C95A-43A4-A2B2-971E04E73842}.Release|Any CPU.Build.0 = Release|Any CPU
	EndGlobalSection
	GlobalSection(SolutionProperties) = preSolution
		HideSolutionNode = FALSE
	EndGlobalSection
	GlobalSection(ExtensibilityGlobals) = postSolution
		SolutionGuid = {634A6C4C-A477-496A-8B5B-4FE13786E222}
	EndGlobalSection
EndGlobal
